// !$*UTF8*$!
{
	archiveVersion = 1;
	classes = {
	};
	objectVersion = 50;
	objects = {

/* Begin PBXBuildFile section */
		44EC862023880D1A00E1F825 /* AppDelegate.swift in Sources */ = {isa = PBXBuildFile; fileRef = 44EC861F23880D1A00E1F825 /* AppDelegate.swift */; };
		44EC862223880D1A00E1F825 /* SceneDelegate.swift in Sources */ = {isa = PBXBuildFile; fileRef = 44EC862123880D1A00E1F825 /* SceneDelegate.swift */; };
		44EC862423880D1A00E1F825 /* ViewController.swift in Sources */ = {isa = PBXBuildFile; fileRef = 44EC862323880D1A00E1F825 /* ViewController.swift */; };
		44EC862723880D1A00E1F825 /* Main.storyboard in Resources */ = {isa = PBXBuildFile; fileRef = 44EC862523880D1A00E1F825 /* Main.storyboard */; };
		44EC862923880D1C00E1F825 /* Assets.xcassets in Resources */ = {isa = PBXBuildFile; fileRef = 44EC862823880D1C00E1F825 /* Assets.xcassets */; };
		44EC862C23880D1C00E1F825 /* LaunchScreen.storyboard in Resources */ = {isa = PBXBuildFile; fileRef = 44EC862A23880D1C00E1F825 /* LaunchScreen.storyboard */; };
		44EC863A23880D8600E1F825 /* CoreTDDTests.swift in Sources */ = {isa = PBXBuildFile; fileRef = 44EC863923880D8600E1F825 /* CoreTDDTests.swift */; };
/* End PBXBuildFile section */

/* Begin PBXContainerItemProxy section */
		44EC863C23880D8600E1F825 /* PBXContainerItemProxy */ = {
			isa = PBXContainerItemProxy;
			containerPortal = 44EC861423880D1A00E1F825 /* Project object */;
			proxyType = 1;
			remoteGlobalIDString = 44EC861B23880D1A00E1F825;
			remoteInfo = CoreTDD;
		};
/* End PBXContainerItemProxy section */

/* Begin PBXFileReference section */
		44EC861C23880D1A00E1F825 /* CoreTDD.app */ = {isa = PBXFileReference; explicitFileType = wrapper.application; includeInIndex = 0; path = CoreTDD.app; sourceTree = BUILT_PRODUCTS_DIR; };
		44EC861F23880D1A00E1F825 /* AppDelegate.swift */ = {isa = PBXFileReference; lastKnownFileType = sourcecode.swift; path = AppDelegate.swift; sourceTree = "<group>"; };
		44EC862123880D1A00E1F825 /* SceneDelegate.swift */ = {isa = PBXFileReference; lastKnownFileType = sourcecode.swift; path = SceneDelegate.swift; sourceTree = "<group>"; };
		44EC862323880D1A00E1F825 /* ViewController.swift */ = {isa = PBXFileReference; lastKnownFileType = sourcecode.swift; path = ViewController.swift; sourceTree = "<group>"; };
		44EC862623880D1A00E1F825 /* Base */ = {isa = PBXFileReference; lastKnownFileType = file.storyboard; name = Base; path = Base.lproj/Main.storyboard; sourceTree = "<group>"; };
		44EC862823880D1C00E1F825 /* Assets.xcassets */ = {isa = PBXFileReference; lastKnownFileType = folder.assetcatalog; path = Assets.xcassets; sourceTree = "<group>"; };
		44EC862B23880D1C00E1F825 /* Base */ = {isa = PBXFileReference; lastKnownFileType = file.storyboard; name = Base; path = Base.lproj/LaunchScreen.storyboard; sourceTree = "<group>"; };
		44EC862D23880D1C00E1F825 /* Info.plist */ = {isa = PBXFileReference; lastKnownFileType = text.plist.xml; path = Info.plist; sourceTree = "<group>"; };
		44EC863723880D8600E1F825 /* CoreTDDTests.xctest */ = {isa = PBXFileReference; explicitFileType = wrapper.cfbundle; includeInIndex = 0; path = CoreTDDTests.xctest; sourceTree = BUILT_PRODUCTS_DIR; };
		44EC863923880D8600E1F825 /* CoreTDDTests.swift */ = {isa = PBXFileReference; lastKnownFileType = sourcecode.swift; path = CoreTDDTests.swift; sourceTree = "<group>"; };
		44EC863B23880D8600E1F825 /* Info.plist */ = {isa = PBXFileReference; lastKnownFileType = text.plist.xml; path = Info.plist; sourceTree = "<group>"; };
/* End PBXFileReference section */

/* Begin PBXFrameworksBuildPhase section */
		44EC861923880D1A00E1F825 /* Frameworks */ = {
			isa = PBXFrameworksBuildPhase;
			buildActionMask = 2147483647;
			files = (
			);
			runOnlyForDeploymentPostprocessing = 0;
		};
		44EC863423880D8600E1F825 /* Frameworks */ = {
			isa = PBXFrameworksBuildPhase;
			buildActionMask = 2147483647;
			files = (
			);
			runOnlyForDeploymentPostprocessing = 0;
		};
/* End PBXFrameworksBuildPhase section */

/* Begin PBXGroup section */
		44EC861323880D1A00E1F825 = {
			isa = PBXGroup;
			children = (
				44EC861E23880D1A00E1F825 /* CoreTDD */,
				44EC863823880D8600E1F825 /* CoreTDDTests */,
				44EC861D23880D1A00E1F825 /* Products */,
			);
			sourceTree = "<group>";
		};
		44EC861D23880D1A00E1F825 /* Products */ = {
			isa = PBXGroup;
			children = (
				44EC861C23880D1A00E1F825 /* CoreTDD.app */,
				44EC863723880D8600E1F825 /* CoreTDDTests.xctest */,
			);
			name = Products;
			sourceTree = "<group>";
		};
		44EC861E23880D1A00E1F825 /* CoreTDD */ = {
			isa = PBXGroup;
			children = (
				44EC861F23880D1A00E1F825 /* AppDelegate.swift */,
				44EC862123880D1A00E1F825 /* SceneDelegate.swift */,
				44EC862323880D1A00E1F825 /* ViewController.swift */,
				44EC862523880D1A00E1F825 /* Main.storyboard */,
				44EC862823880D1C00E1F825 /* Assets.xcassets */,
				44EC862A23880D1C00E1F825 /* LaunchScreen.storyboard */,
				44EC862D23880D1C00E1F825 /* Info.plist */,
			);
			path = CoreTDD;
			sourceTree = "<group>";
		};
		44EC863823880D8600E1F825 /* CoreTDDTests */ = {
			isa = PBXGroup;
			children = (
				44EC863923880D8600E1F825 /* CoreTDDTests.swift */,
				44EC863B23880D8600E1F825 /* Info.plist */,
			);
			path = CoreTDDTests;
			sourceTree = "<group>";
		};
/* End PBXGroup section */

/* Begin PBXNativeTarget section */
		44EC861B23880D1A00E1F825 /* CoreTDD */ = {
			isa = PBXNativeTarget;
			buildConfigurationList = 44EC863023880D1C00E1F825 /* Build configuration list for PBXNativeTarget "CoreTDD" */;
			buildPhases = (
				44EC861823880D1A00E1F825 /* Sources */,
				44EC861923880D1A00E1F825 /* Frameworks */,
				44EC861A23880D1A00E1F825 /* Resources */,
			);
			buildRules = (
			);
			dependencies = (
			);
			name = CoreTDD;
			productName = CoreTDD;
			productReference = 44EC861C23880D1A00E1F825 /* CoreTDD.app */;
			productType = "com.apple.product-type.application";
		};
		44EC863623880D8600E1F825 /* CoreTDDTests */ = {
			isa = PBXNativeTarget;
			buildConfigurationList = 44EC863E23880D8600E1F825 /* Build configuration list for PBXNativeTarget "CoreTDDTests" */;
			buildPhases = (
				44EC863323880D8600E1F825 /* Sources */,
				44EC863423880D8600E1F825 /* Frameworks */,
				44EC863523880D8600E1F825 /* Resources */,
			);
			buildRules = (
			);
			dependencies = (
				44EC863D23880D8600E1F825 /* PBXTargetDependency */,
			);
			name = CoreTDDTests;
			productName = CoreTDDTests;
			productReference = 44EC863723880D8600E1F825 /* CoreTDDTests.xctest */;
			productType = "com.apple.product-type.bundle.unit-test";
		};
/* End PBXNativeTarget section */

/* Begin PBXProject section */
		44EC861423880D1A00E1F825 /* Project object */ = {
			isa = PBXProject;
			attributes = {
				LastSwiftUpdateCheck = 1110;
				LastUpgradeCheck = 1110;
				ORGANIZATIONNAME = "Wissa Azmy";
				TargetAttributes = {
					44EC861B23880D1A00E1F825 = {
						CreatedOnToolsVersion = 11.1;
					};
					44EC863623880D8600E1F825 = {
						CreatedOnToolsVersion = 11.1;
						TestTargetID = 44EC861B23880D1A00E1F825;
					};
				};
			};
			buildConfigurationList = 44EC861723880D1A00E1F825 /* Build configuration list for PBXProject "CoreTDD" */;
			compatibilityVersion = "Xcode 9.3";
			developmentRegion = en;
			hasScannedForEncodings = 0;
			knownRegions = (
				en,
				Base,
			);
			mainGroup = 44EC861323880D1A00E1F825;
			productRefGroup = 44EC861D23880D1A00E1F825 /* Products */;
			projectDirPath = "";
			projectRoot = "";
			targets = (
				44EC861B23880D1A00E1F825 /* CoreTDD */,
				44EC863623880D8600E1F825 /* CoreTDDTests */,
			);
		};
/* End PBXProject section */

/* Begin PBXResourcesBuildPhase section */
		44EC861A23880D1A00E1F825 /* Resources */ = {
			isa = PBXResourcesBuildPhase;
			buildActionMask = 2147483647;
			files = (
				44EC862C23880D1C00E1F825 /* LaunchScreen.storyboard in Resources */,
				44EC862923880D1C00E1F825 /* Assets.xcassets in Resources */,
				44EC862723880D1A00E1F825 /* Main.storyboard in Resources */,
			);
			runOnlyForDeploymentPostprocessing = 0;
		};
		44EC863523880D8600E1F825 /* Resources */ = {
			isa = PBXResourcesBuildPhase;
			buildActionMask = 2147483647;
			files = (
			);
			runOnlyForDeploymentPostprocessing = 0;
		};
/* End PBXResourcesBuildPhase section */

/* Begin PBXSourcesBuildPhase section */
		44EC861823880D1A00E1F825 /* Sources */ = {
			isa = PBXSourcesBuildPhase;
			buildActionMask = 2147483647;
			files = (
				44EC862423880D1A00E1F825 /* ViewController.swift in Sources */,
				44EC862023880D1A00E1F825 /* AppDelegate.swift in Sources */,
				44EC862223880D1A00E1F825 /* SceneDelegate.swift in Sources */,
			);
			runOnlyForDeploymentPostprocessing = 0;
		};
		44EC863323880D8600E1F825 /* Sources */ = {
			isa = PBXSourcesBuildPhase;
			buildActionMask = 2147483647;
			files = (
				44EC863A23880D8600E1F825 /* CoreTDDTests.swift in Sources */,
			);
			runOnlyForDeploymentPostprocessing = 0;
		};
/* End PBXSourcesBuildPhase section */

/* Begin PBXTargetDependency section */
		44EC863D23880D8600E1F825 /* PBXTargetDependency */ = {
			isa = PBXTargetDependency;
			target = 44EC861B23880D1A00E1F825 /* CoreTDD */;
			targetProxy = 44EC863C23880D8600E1F825 /* PBXContainerItemProxy */;
		};
/* End PBXTargetDependency section */

/* Begin PBXVariantGroup section */
		44EC862523880D1A00E1F825 /* Main.storyboard */ = {
			isa = PBXVariantGroup;
			children = (
				44EC862623880D1A00E1F825 /* Base */,
			);
			name = Main.storyboard;
			sourceTree = "<group>";
		};
		44EC862A23880D1C00E1F825 /* LaunchScreen.storyboard */ = {
			isa = PBXVariantGroup;
			children = (
				44EC862B23880D1C00E1F825 /* Base */,
			);
			name = LaunchScreen.storyboard;
			sourceTree = "<group>";
		};
/* End PBXVariantGroup section */

/* Begin XCBuildConfiguration section */
		44EC862E23880D1C00E1F825 /* Debug */ = {
			isa = XCBuildConfiguration;
			buildSettings = {
				ALWAYS_SEARCH_USER_PATHS = NO;
				CLANG_ANALYZER_NONNULL = YES;
				CLANG_ANALYZER_NUMBER_OBJECT_CONVERSION = YES_AGGRESSIVE;
				CLANG_CXX_LANGUAGE_STANDARD = "gnu++14";
				CLANG_CXX_LIBRARY = "libc++";
				CLANG_ENABLE_MODULES = YES;
				CLANG_ENABLE_OBJC_ARC = YES;
				CLANG_ENABLE_OBJC_WEAK = YES;
				CLANG_WARN_BLOCK_CAPTURE_AUTORELEASING = YES;
				CLANG_WARN_BOOL_CONVERSION = YES;
				CLANG_WARN_COMMA = YES;
				CLANG_WARN_CONSTANT_CONVERSION = YES;
				CLANG_WARN_DEPRECATED_OBJC_IMPLEMENTATIONS = YES;
				CLANG_WARN_DIRECT_OBJC_ISA_USAGE = YES_ERROR;
				CLANG_WARN_DOCUMENTATION_COMMENTS = YES;
				CLANG_WARN_EMPTY_BODY = YES;
				CLANG_WARN_ENUM_CONVERSION = YES;
				CLANG_WARN_INFINITE_RECURSION = YES;
				CLANG_WARN_INT_CONVERSION = YES;
				CLANG_WARN_NON_LITERAL_NULL_CONVERSION = YES;
				CLANG_WARN_OBJC_IMPLICIT_RETAIN_SELF = YES;
				CLANG_WARN_OBJC_LITERAL_CONVERSION = YES;
				CLANG_WARN_OBJC_ROOT_CLASS = YES_ERROR;
				CLANG_WARN_RANGE_LOOP_ANALYSIS = YES;
				CLANG_WARN_STRICT_PROTOTYPES = YES;
				CLANG_WARN_SUSPICIOUS_MOVE = YES;
				CLANG_WARN_UNGUARDED_AVAILABILITY = YES_AGGRESSIVE;
				CLANG_WARN_UNREACHABLE_CODE = YES;
				CLANG_WARN__DUPLICATE_METHOD_MATCH = YES;
				COPY_PHASE_STRIP = NO;
				DEBUG_INFORMATION_FORMAT = dwarf;
				ENABLE_STRICT_OBJC_MSGSEND = YES;
				ENABLE_TESTABILITY = YES;
				GCC_C_LANGUAGE_STANDARD = gnu11;
				GCC_DYNAMIC_NO_PIC = NO;
				GCC_NO_COMMON_BLOCKS = YES;
				GCC_OPTIMIZATION_LEVEL = 0;
				GCC_PREPROCESSOR_DEFINITIONS = (
					"DEBUG=1",
					"$(inherited)",
				);
				GCC_WARN_64_TO_32_BIT_CONVERSION = YES;
				GCC_WARN_ABOUT_RETURN_TYPE = YES_ERROR;
				GCC_WARN_UNDECLARED_SELECTOR = YES;
				GCC_WARN_UNINITIALIZED_AUTOS = YES_AGGRESSIVE;
				GCC_WARN_UNUSED_FUNCTION = YES;
				GCC_WARN_UNUSED_VARIABLE = YES;
				IPHONEOS_DEPLOYMENT_TARGET = 13.1;
				MTL_ENABLE_DEBUG_INFO = INCLUDE_SOURCE;
				MTL_FAST_MATH = YES;
				ONLY_ACTIVE_ARCH = YES;
				SDKROOT = iphoneos;
				SWIFT_ACTIVE_COMPILATION_CONDITIONS = DEBUG;
				SWIFT_OPTIMIZATION_LEVEL = "-Onone";
			};
			name = Debug;
		};
		44EC862F23880D1C00E1F825 /* Release */ = {
			isa = XCBuildConfiguration;
			buildSettings = {
				ALWAYS_SEARCH_USER_PATHS = NO;
				CLANG_ANALYZER_NONNULL = YES;
				CLANG_ANALYZER_NUMBER_OBJECT_CONVERSION = YES_AGGRESSIVE;
				CLANG_CXX_LANGUAGE_STANDARD = "gnu++14";
				CLANG_CXX_LIBRARY = "libc++";
				CLANG_ENABLE_MODULES = YES;
				CLANG_ENABLE_OBJC_ARC = YES;
				CLANG_ENABLE_OBJC_WEAK = YES;
				CLANG_WARN_BLOCK_CAPTURE_AUTORELEASING = YES;
				CLANG_WARN_BOOL_CONVERSION = YES;
				CLANG_WARN_COMMA = YES;
				CLANG_WARN_CONSTANT_CONVERSION = YES;
				CLANG_WARN_DEPRECATED_OBJC_IMPLEMENTATIONS = YES;
				CLANG_WARN_DIRECT_OBJC_ISA_USAGE = YES_ERROR;
				CLANG_WARN_DOCUMENTATION_COMMENTS = YES;
				CLANG_WARN_EMPTY_BODY = YES;
				CLANG_WARN_ENUM_CONVERSION = YES;
				CLANG_WARN_INFINITE_RECURSION = YES;
				CLANG_WARN_INT_CONVERSION = YES;
				CLANG_WARN_NON_LITERAL_NULL_CONVERSION = YES;
				CLANG_WARN_OBJC_IMPLICIT_RETAIN_SELF = YES;
				CLANG_WARN_OBJC_LITERAL_CONVERSION = YES;
				CLANG_WARN_OBJC_ROOT_CLASS = YES_ERROR;
				CLANG_WARN_RANGE_LOOP_ANALYSIS = YES;
				CLANG_WARN_STRICT_PROTOTYPES = YES;
				CLANG_WARN_SUSPICIOUS_MOVE = YES;
				CLANG_WARN_UNGUARDED_AVAILABILITY = YES_AGGRESSIVE;
				CLANG_WARN_UNREACHABLE_CODE = YES;
				CLANG_WARN__DUPLICATE_METHOD_MATCH = YES;
				COPY_PHASE_STRIP = NO;
				DEBUG_INFORMATION_FORMAT = "dwarf-with-dsym";
				ENABLE_NS_ASSERTIONS = NO;
				ENABLE_STRICT_OBJC_MSGSEND = YES;
				GCC_C_LANGUAGE_STANDARD = gnu11;
				GCC_NO_COMMON_BLOCKS = YES;
				GCC_WARN_64_TO_32_BIT_CONVERSION = YES;
				GCC_WARN_ABOUT_RETURN_TYPE = YES_ERROR;
				GCC_WARN_UNDECLARED_SELECTOR = YES;
				GCC_WARN_UNINITIALIZED_AUTOS = YES_AGGRESSIVE;
				GCC_WARN_UNUSED_FUNCTION = YES;
				GCC_WARN_UNUSED_VARIABLE = YES;
				IPHONEOS_DEPLOYMENT_TARGET = 13.1;
				MTL_ENABLE_DEBUG_INFO = NO;
				MTL_FAST_MATH = YES;
				SDKROOT = iphoneos;
				SWIFT_COMPILATION_MODE = wholemodule;
				SWIFT_OPTIMIZATION_LEVEL = "-O";
				VALIDATE_PRODUCT = YES;
			};
			name = Release;
		};
		44EC863123880D1C00E1F825 /* Debug */ = {
			isa = XCBuildConfiguration;
			buildSettings = {
				ASSETCATALOG_COMPILER_APPICON_NAME = AppIcon;
				CODE_SIGN_STYLE = Automatic;
				INFOPLIST_FILE = CoreTDD/Info.plist;
				LD_RUNPATH_SEARCH_PATHS = (
					"$(inherited)",
					"@executable_path/Frameworks",
				);
				PRODUCT_BUNDLE_IDENTIFIER = com.wissa.CoreTDD;
				PRODUCT_NAME = "$(TARGET_NAME)";
				SWIFT_VERSION = 5.0;
				TARGETED_DEVICE_FAMILY = "1,2";
			};
			name = Debug;
		};
		44EC863223880D1C00E1F825 /* Release */ = {
			isa = XCBuildConfiguration;
			buildSettings = {
				ASSETCATALOG_COMPILER_APPICON_NAME = AppIcon;
				CODE_SIGN_STYLE = Automatic;
				INFOPLIST_FILE = CoreTDD/Info.plist;
				LD_RUNPATH_SEARCH_PATHS = (
					"$(inherited)",
					"@executable_path/Frameworks",
				);
				PRODUCT_BUNDLE_IDENTIFIER = com.wissa.CoreTDD;
				PRODUCT_NAME = "$(TARGET_NAME)";
				SWIFT_VERSION = 5.0;
				TARGETED_DEVICE_FAMILY = "1,2";
			};
			name = Release;
		};
		44EC863F23880D8600E1F825 /* Debug */ = {
			isa = XCBuildConfiguration;
			buildSettings = {
				BUNDLE_LOADER = "$(TEST_HOST)";
				CODE_SIGN_STYLE = Automatic;
				INFOPLIST_FILE = CoreTDDTests/Info.plist;
				LD_RUNPATH_SEARCH_PATHS = (
					"$(inherited)",
					"@executable_path/Frameworks",
					"@loader_path/Frameworks",
				);
				PRODUCT_BUNDLE_IDENTIFIER = com.wissa.CoreTDDTests;
				PRODUCT_NAME = "$(TARGET_NAME)";
				SWIFT_VERSION = 5.0;
				TARGETED_DEVICE_FAMILY = "1,2";
				TEST_HOST = "$(BUILT_PRODUCTS_DIR)/CoreTDD.app/CoreTDD";
			};
			name = Debug;
		};
		44EC864023880D8600E1F825 /* Release */ = {
			isa = XCBuildConfiguration;
			buildSettings = {
				BUNDLE_LOADER = "$(TEST_HOST)";
				CODE_SIGN_STYLE = Automatic;
				INFOPLIST_FILE = CoreTDDTests/Info.plist;
				LD_RUNPATH_SEARCH_PATHS = (
					"$(inherited)",
					"@executable_path/Frameworks",
					"@loader_path/Frameworks",
				);
				PRODUCT_BUNDLE_IDENTIFIER = com.wissa.CoreTDDTests;
				PRODUCT_NAME = "$(TARGET_NAME)";
				SWIFT_VERSION = 5.0;
				TARGETED_DEVICE_FAMILY = "1,2";
				TEST_HOST = "$(BUILT_PRODUCTS_DIR)/CoreTDD.app/CoreTDD";
			};
			name = Release;
		};
/* End XCBuildConfiguration section */

/* Begin XCConfigurationList section */
		44EC861723880D1A00E1F825 /* Build configuration list for PBXProject "CoreTDD" */ = {
			isa = XCConfigurationList;
			buildConfigurations = (
				44EC862E23880D1C00E1F825 /* Debug */,
				44EC862F23880D1C00E1F825 /* Release */,
			);
			defaultConfigurationIsVisible = 0;
			defaultConfigurationName = Release;
		};
		44EC863023880D1C00E1F825 /* Build configuration list for PBXNativeTarget "CoreTDD" */ = {
			isa = XCConfigurationList;
			buildConfigurations = (
				44EC863123880D1C00E1F825 /* Debug */,
				44EC863223880D1C00E1F825 /* Release */,
			);
			defaultConfigurationIsVisible = 0;
			defaultConfigurationName = Release;
		};
		44EC863E23880D8600E1F825 /* Build configuration list for PBXNativeTarget "CoreTDDTests" */ = {
			isa = XCConfigurationList;
			buildConfigurations = (
				44EC863F23880D8600E1F825 /* Debug */,
				44EC864023880D8600E1F825 /* Release */,
			);
			defaultConfigurationIsVisible = 0;
			defaultConfigurationName = Release;
		};
/* End XCConfigurationList section */
	};
	rootObject = 44EC861423880D1A00E1F825 /* Project object */;
}
